
Microsoft Visual Studio Solution File, Format Version 12.00
# Visual Studio Version 17
VisualStudioVersion = 17.0.31903.59
MinimumVisualStudioVersion = 10.0.40219.1
Project("{FAE04EC0-301F-11D3-BF4B-00C04F79EFBC}") = "GildedRose", "GildedRose\GildedRose.csproj", "{DA7CFEB6-220C-4CF2-AA01-38A60EACDA4D}"
EndProject
Project("{2150E333-8FDC-42A3-9474-1A3956D46DE8}") = "tests", "tests", "{FF98397B-9759-4F65-9142-8035E74C114A}"
EndProject
Project("{FAE04EC0-301F-11D3-BF4B-00C04F79EFBC}") = "CsCheckTests", "tests\CsCheckTests\CsCheckTests.csproj", "{493A2177-5907-4EBD-869C-4AFBC264804A}"
EndProject
Project("{FAE04EC0-301F-11D3-BF4B-00C04F79EFBC}") = "ManualDataTests", "tests\ManualDataTests\ManualDataTests.csproj", "{96584A04-E39D-425D-9E62-BD52C38647AA}"
EndProject
Project("{FAE04EC0-301F-11D3-BF4B-00C04F79EFBC}") = "FsCheckTests", "tests\FsCheckTests\FsCheckTests.csproj", "{E2D49865-CB99-4FC3-A8B1-245FD6E63539}"
EndProject
Global
	GlobalSection(SolutionProperties) = preSolution
		HideSolutionNode = FALSE
	EndGlobalSection
	GlobalSection(SolutionConfigurationPlatforms) = preSolution
		Debug|Any CPU = Debug|Any CPU
		Debug|x64 = Debug|x64
		Debug|x86 = Debug|x86
		Release|Any CPU = Release|Any CPU
		Release|x64 = Release|x64
		Release|x86 = Release|x86
	EndGlobalSection
	GlobalSection(ProjectConfigurationPlatforms) = postSolution
		{DA7CFEB6-220C-4CF2-AA01-38A60EACDA4D}.Debug|Any CPU.ActiveCfg = Debug|Any CPU
		{DA7CFEB6-220C-4CF2-AA01-38A60EACDA4D}.Debug|Any CPU.Build.0 = Debug|Any CPU
		{DA7CFEB6-220C-4CF2-AA01-38A60EACDA4D}.Debug|x64.ActiveCfg = Debug|Any CPU
		{DA7CFEB6-220C-4CF2-AA01-38A60EACDA4D}.Debug|x64.Build.0 = Debug|Any CPU
		{DA7CFEB6-220C-4CF2-AA01-38A60EACDA4D}.Debug|x86.ActiveCfg = Debug|Any CPU
		{DA7CFEB6-220C-4CF2-AA01-38A60EACDA4D}.Debug|x86.Build.0 = Debug|Any CPU
		{DA7CFEB6-220C-4CF2-AA01-38A60EACDA4D}.Release|Any CPU.ActiveCfg = Release|Any CPU
		{DA7CFEB6-220C-4CF2-AA01-38A60EACDA4D}.Release|Any CPU.Build.0 = Release|Any CPU
		{DA7CFEB6-220C-4CF2-AA01-38A60EACDA4D}.Release|x64.ActiveCfg = Release|Any CPU
		{DA7CFEB6-220C-4CF2-AA01-38A60EACDA4D}.Release|x64.Build.0 = Release|Any CPU
		{DA7CFEB6-220C-4CF2-AA01-38A60EACDA4D}.Release|x86.ActiveCfg = Release|Any CPU
		{DA7CFEB6-220C-4CF2-AA01-38A60EACDA4D}.Release|x86.Build.0 = Release|Any CPU
		{493A2177-5907-4EBD-869C-4AFBC264804A}.Debug|Any CPU.ActiveCfg = Debug|Any CPU
		{493A2177-5907-4EBD-869C-4AFBC264804A}.Debug|Any CPU.Build.0 = Debug|Any CPU
		{493A2177-5907-4EBD-869C-4AFBC264804A}.Debug|x64.ActiveCfg = Debug|Any CPU
		{493A2177-5907-4EBD-869C-4AFBC264804A}.Debug|x64.Build.0 = Debug|Any CPU
		{493A2177-5907-4EBD-869C-4AFBC264804A}.Debug|x86.ActiveCfg = Debug|Any CPU
		{493A2177-5907-4EBD-869C-4AFBC264804A}.Debug|x86.Build.0 = Debug|Any CPU
		{493A2177-5907-4EBD-869C-4AFBC264804A}.Release|Any CPU.ActiveCfg = Release|Any CPU
		{493A2177-5907-4EBD-869C-4AFBC264804A}.Release|Any CPU.Build.0 = Release|Any CPU
		{493A2177-5907-4EBD-869C-4AFBC264804A}.Release|x64.ActiveCfg = Release|Any CPU
		{493A2177-5907-4EBD-869C-4AFBC264804A}.Release|x64.Build.0 = Release|Any CPU
		{493A2177-5907-4EBD-869C-4AFBC264804A}.Release|x86.ActiveCfg = Release|Any CPU
		{493A2177-5907-4EBD-869C-4AFBC264804A}.Release|x86.Build.0 = Release|Any CPU
		{96584A04-E39D-425D-9E62-BD52C38647AA}.Debug|Any CPU.ActiveCfg = Debug|Any CPU
		{96584A04-E39D-425D-9E62-BD52C38647AA}.Debug|Any CPU.Build.0 = Debug|Any CPU
		{96584A04-E39D-425D-9E62-BD52C38647AA}.Debug|x64.ActiveCfg = Debug|Any CPU
		{96584A04-E39D-425D-9E62-BD52C38647AA}.Debug|x64.Build.0 = Debug|Any CPU
		{96584A04-E39D-425D-9E62-BD52C38647AA}.Debug|x86.ActiveCfg = Debug|Any CPU
		{96584A04-E39D-425D-9E62-BD52C38647AA}.Debug|x86.Build.0 = Debug|Any CPU
		{96584A04-E39D-425D-9E62-BD52C38647AA}.Release|Any CPU.ActiveCfg = Release|Any CPU
		{96584A04-E39D-425D-9E62-BD52C38647AA}.Release|Any CPU.Build.0 = Release|Any CPU
		{96584A04-E39D-425D-9E62-BD52C38647AA}.Release|x64.ActiveCfg = Release|Any CPU
		{96584A04-E39D-425D-9E62-BD52C38647AA}.Release|x64.Build.0 = Release|Any CPU
		{96584A04-E39D-425D-9E62-BD52C38647AA}.Release|x86.ActiveCfg = Release|Any CPU
		{96584A04-E39D-425D-9E62-BD52C38647AA}.Release|x86.Build.0 = Release|Any CPU
		{E2D49865-CB99-4FC3-A8B1-245FD6E63539}.Debug|Any CPU.ActiveCfg = Debug|Any CPU
		{E2D49865-CB99-4FC3-A8B1-245FD6E63539}.Debug|Any CPU.Build.0 = Debug|Any CPU
		{E2D49865-CB99-4FC3-A8B1-245FD6E63539}.Debug|x64.ActiveCfg = Debug|Any CPU
		{E2D49865-CB99-4FC3-A8B1-245FD6E63539}.Debug|x64.Build.0 = Debug|Any CPU
		{E2D49865-CB99-4FC3-A8B1-245FD6E63539}.Debug|x86.ActiveCfg = Debug|Any CPU
		{E2D49865-CB99-4FC3-A8B1-245FD6E63539}.Debug|x86.Build.0 = Debug|Any CPU
		{E2D49865-CB99-4FC3-A8B1-245FD6E63539}.Release|Any CPU.ActiveCfg = Release|Any CPU
		{E2D49865-CB99-4FC3-A8B1-245FD6E63539}.Release|Any CPU.Build.0 = Release|Any CPU
		{E2D49865-CB99-4FC3-A8B1-245FD6E63539}.Release|x64.ActiveCfg = Release|Any CPU
		{E2D49865-CB99-4FC3-A8B1-245FD6E63539}.Release|x64.Build.0 = Release|Any CPU
		{E2D49865-CB99-4FC3-A8B1-245FD6E63539}.Release|x86.ActiveCfg = Release|Any CPU
		{E2D49865-CB99-4FC3-A8B1-245FD6E63539}.Release|x86.Build.0 = Release|Any CPU
	EndGlobalSection
	GlobalSection(NestedProjects) = preSolution
		{493A2177-5907-4EBD-869C-4AFBC264804A} = {FF98397B-9759-4F65-9142-8035E74C114A}
		{96584A04-E39D-425D-9E62-BD52C38647AA} = {FF98397B-9759-4F65-9142-8035E74C114A}
		{E2D49865-CB99-4FC3-A8B1-245FD6E63539} = {FF98397B-9759-4F65-9142-8035E74C114A}
	EndGlobalSection
EndGlobal
